// !$*UTF8*$!
{
	archiveVersion = 1;
	classes = {
	};
	objectVersion = 46;
	objects = {

/* Begin PBXBuildFile section */
		65494D5D19E137410048F602 /* main.m in Sources */ = {isa = PBXBuildFile; fileRef = 65494D5C19E137410048F602 /* main.m */; };
		65494D6019E137410048F602 /* AppDelegate.m in Sources */ = {isa = PBXBuildFile; fileRef = 65494D5F19E137410048F602 /* AppDelegate.m */; };
		65494D6319E137410048F602 /* ViewController.m in Sources */ = {isa = PBXBuildFile; fileRef = 65494D6219E137410048F602 /* ViewController.m */; };
		65494D6619E137410048F602 /* Main.storyboard in Resources */ = {isa = PBXBuildFile; fileRef = 65494D6419E137410048F602 /* Main.storyboard */; };
		65494D6819E137410048F602 /* Images.xcassets in Resources */ = {isa = PBXBuildFile; fileRef = 65494D6719E137410048F602 /* Images.xcassets */; };
		65494D6B19E137410048F602 /* LaunchScreen.xib in Resources */ = {isa = PBXBuildFile; fileRef = 65494D6919E137410048F602 /* LaunchScreen.xib */; };
		65494D7719E137410048F602 /* JSON_XML_ParsingTests.m in Sources */ = {isa = PBXBuildFile; fileRef = 65494D7619E137410048F602 /* JSON_XML_ParsingTests.m */; };
		65494D8219E137410048F602 /* NeighboursViewController.m in Sources */ = {isa = PBXBuildFile; fileRef = 65494D8119E137410048F602 /* NeighboursViewController.m */; };
		65494D8519E196740048F602 /* countries_short.txt in Resources */ = {isa = PBXBuildFile; fileRef = 65494D8319E196740048F602 /* countries_short.txt */; };
		65494D8619E196740048F602 /* countries.txt in Resources */ = {isa = PBXBuildFile; fileRef = 65494D8419E196740048F602 /* countries.txt */; };
/* End PBXBuildFile section */

/* Begin PBXContainerItemProxy section */
		65494D7119E137410048F602 /* PBXContainerItemProxy */ = {
			isa = PBXContainerItemProxy;
			containerPortal = 65494D4F19E137410048F602 /* Project object */;
			proxyType = 1;
			remoteGlobalIDString = 65494D5619E137410048F602;
			remoteInfo = JSON_XML_Parsing;
		};
/* End PBXContainerItemProxy section */

/* Begin PBXFileReference section */
		65494D5719E137410048F602 /* JSON_XML_Parsing.app */ = {isa = PBXFileReference; explicitFileType = wrapper.application; includeInIndex = 0; path = JSON_XML_Parsing.app; sourceTree = BUILT_PRODUCTS_DIR; };
		65494D5B19E137410048F602 /* Info.plist */ = {isa = PBXFileReference; lastKnownFileType = text.plist.xml; path = Info.plist; sourceTree = "<group>"; };
		65494D5C19E137410048F602 /* main.m */ = {isa = PBXFileReference; lastKnownFileType = sourcecode.c.objc; path = main.m; sourceTree = "<group>"; };
		65494D5E19E137410048F602 /* AppDelegate.h */ = {isa = PBXFileReference; lastKnownFileType = sourcecode.c.h; path = AppDelegate.h; sourceTree = "<group>"; };
		65494D5F19E137410048F602 /* AppDelegate.m */ = {isa = PBXFileReference; lastKnownFileType = sourcecode.c.objc; path = AppDelegate.m; sourceTree = "<group>"; };
		65494D6119E137410048F602 /* ViewController.h */ = {isa = PBXFileReference; lastKnownFileType = sourcecode.c.h; path = ViewController.h; sourceTree = "<group>"; };
		65494D6219E137410048F602 /* ViewController.m */ = {isa = PBXFileReference; lastKnownFileType = sourcecode.c.objc; path = ViewController.m; sourceTree = "<group>"; };
		65494D6519E137410048F602 /* Base */ = {isa = PBXFileReference; lastKnownFileType = file.storyboard; name = Base; path = Base.lproj/Main.storyboard; sourceTree = "<group>"; };
		65494D6719E137410048F602 /* Images.xcassets */ = {isa = PBXFileReference; lastKnownFileType = folder.assetcatalog; path = Images.xcassets; sourceTree = "<group>"; };
		65494D6A19E137410048F602 /* Base */ = {isa = PBXFileReference; lastKnownFileType = file.xib; name = Base; path = Base.lproj/LaunchScreen.xib; sourceTree = "<group>"; };
		65494D7019E137410048F602 /* JSON_XML_ParsingTests.xctest */ = {isa = PBXFileReference; explicitFileType = wrapper.cfbundle; includeInIndex = 0; path = JSON_XML_ParsingTests.xctest; sourceTree = BUILT_PRODUCTS_DIR; };
		65494D7519E137410048F602 /* Info.plist */ = {isa = PBXFileReference; lastKnownFileType = text.plist.xml; path = Info.plist; sourceTree = "<group>"; };
		65494D7619E137410048F602 /* JSON_XML_ParsingTests.m */ = {isa = PBXFileReference; lastKnownFileType = sourcecode.c.objc; path = JSON_XML_ParsingTests.m; sourceTree = "<group>"; };
		65494D8019E137410048F602 /* NeighboursViewController.h */ = {isa = PBXFileReference; fileEncoding = 4; lastKnownFileType = sourcecode.c.h; path = NeighboursViewController.h; sourceTree = "<group>"; };
		65494D8119E137410048F602 /* NeighboursViewController.m */ = {isa = PBXFileReference; fileEncoding = 4; lastKnownFileType = sourcecode.c.objc; path = NeighboursViewController.m; sourceTree = "<group>"; };
		65494D8319E196740048F602 /* countries_short.txt */ = {isa = PBXFileReference; fileEncoding = 4; lastKnownFileType = text; path = countries_short.txt; sourceTree = "<group>"; };
		65494D8419E196740048F602 /* countries.txt */ = {isa = PBXFileReference; fileEncoding = 4; lastKnownFileType = text; path = countries.txt; sourceTree = "<group>"; };
/* End PBXFileReference section */

/* Begin PBXFrameworksBuildPhase section */
		65494D5419E137410048F602 /* Frameworks */ = {
			isa = PBXFrameworksBuildPhase;
			buildActionMask = 2147483647;
			files = (
			);
			runOnlyForDeploymentPostprocessing = 0;
		};
		65494D6D19E137410048F602 /* Frameworks */ = {
			isa = PBXFrameworksBuildPhase;
			buildActionMask = 2147483647;
			files = (
			);
			runOnlyForDeploymentPostprocessing = 0;
		};
/* End PBXFrameworksBuildPhase section */

/* Begin PBXGroup section */
		65494D4E19E137410048F602 = {
			isa = PBXGroup;
			children = (
				65494D5919E137410048F602 /* JSON_XML_Parsing */,
				65494D7319E137410048F602 /* JSON_XML_ParsingTests */,
				65494D5819E137410048F602 /* Products */,
			);
			sourceTree = "<group>";
		};
		65494D5819E137410048F602 /* Products */ = {
			isa = PBXGroup;
			children = (
				65494D5719E137410048F602 /* JSON_XML_Parsing.app */,
				65494D7019E137410048F602 /* JSON_XML_ParsingTests.xctest */,
			);
			name = Products;
			sourceTree = "<group>";
		};
		65494D5919E137410048F602 /* JSON_XML_Parsing */ = {
			isa = PBXGroup;
			children = (
				65494D8319E196740048F602 /* countries_short.txt */,
				65494D8419E196740048F602 /* countries.txt */,
				65494D5E19E137410048F602 /* AppDelegate.h */,
				65494D5F19E137410048F602 /* AppDelegate.m */,
				65494D6119E137410048F602 /* ViewController.h */,
				65494D6219E137410048F602 /* ViewController.m */,
				65494D6419E137410048F602 /* Main.storyboard */,
				65494D6719E137410048F602 /* Images.xcassets */,
				65494D6919E137410048F602 /* LaunchScreen.xib */,
				65494D5A19E137410048F602 /* Supporting Files */,
				65494D8019E137410048F602 /* NeighboursViewController.h */,
				65494D8119E137410048F602 /* NeighboursViewController.m */,
			);
			path = JSON_XML_Parsing;
			sourceTree = "<group>";
		};
		65494D5A19E137410048F602 /* Supporting Files */ = {
			isa = PBXGroup;
			children = (
				65494D5B19E137410048F602 /* Info.plist */,
				65494D5C19E137410048F602 /* main.m */,
			);
			name = "Supporting Files";
			sourceTree = "<group>";
		};
		65494D7319E137410048F602 /* JSON_XML_ParsingTests */ = {
			isa = PBXGroup;
			children = (
				65494D7619E137410048F602 /* JSON_XML_ParsingTests.m */,
				65494D7419E137410048F602 /* Supporting Files */,
			);
			path = JSON_XML_ParsingTests;
			sourceTree = "<group>";
		};
		65494D7419E137410048F602 /* Supporting Files */ = {
			isa = PBXGroup;
			children = (
				65494D7519E137410048F602 /* Info.plist */,
			);
			name = "Supporting Files";
			sourceTree = "<group>";
		};
/* End PBXGroup section */

/* Begin PBXNativeTarget section */
		65494D5619E137410048F602 /* JSON_XML_Parsing */ = {
			isa = PBXNativeTarget;
			buildConfigurationList = 65494D7A19E137410048F602 /* Build configuration list for PBXNativeTarget "JSON_XML_Parsing" */;
			buildPhases = (
				65494D5319E137410048F602 /* Sources */,
				65494D5419E137410048F602 /* Frameworks */,
				65494D5519E137410048F602 /* Resources */,
			);
			buildRules = (
			);
			dependencies = (
			);
			name = JSON_XML_Parsing;
			productName = JSON_XML_Parsing;
			productReference = 65494D5719E137410048F602 /* JSON_XML_Parsing.app */;
			productType = "com.apple.product-type.application";
		};
		65494D6F19E137410048F602 /* JSON_XML_ParsingTests */ = {
			isa = PBXNativeTarget;
			buildConfigurationList = 65494D7D19E137410048F602 /* Build configuration list for PBXNativeTarget "JSON_XML_ParsingTests" */;
			buildPhases = (
				65494D6C19E137410048F602 /* Sources */,
				65494D6D19E137410048F602 /* Frameworks */,
				65494D6E19E137410048F602 /* Resources */,
			);
			buildRules = (
			);
			dependencies = (
				65494D7219E137410048F602 /* PBXTargetDependency */,
			);
			name = JSON_XML_ParsingTests;
			productName = JSON_XML_ParsingTests;
			productReference = 65494D7019E137410048F602 /* JSON_XML_ParsingTests.xctest */;
			productType = "com.apple.product-type.bundle.unit-test";
		};
/* End PBXNativeTarget section */

/* Begin PBXProject section */
		65494D4F19E137410048F602 /* Project object */ = {
			isa = PBXProject;
			attributes = {
				LastUpgradeCheck = 0600;
				ORGANIZATIONNAME = Katiyals;
				TargetAttributes = {
					65494D5619E137410048F602 = {
						CreatedOnToolsVersion = 6.0.1;
					};
					65494D6F19E137410048F602 = {
						CreatedOnToolsVersion = 6.0.1;
						TestTargetID = 65494D5619E137410048F602;
					};
				};
			};
			buildConfigurationList = 65494D5219E137410048F602 /* Build configuration list for PBXProject "JSON_XML_Parsing" */;
			compatibilityVersion = "Xcode 3.2";
			developmentRegion = English;
			hasScannedForEncodings = 0;
			knownRegions = (
				en,
				Base,
			);
			mainGroup = 65494D4E19E137410048F602;
			productRefGroup = 65494D5819E137410048F602 /* Products */;
			projectDirPath = "";
			projectRoot = "";
			targets = (
				65494D5619E137410048F602 /* JSON_XML_Parsing */,
				65494D6F19E137410048F602 /* JSON_XML_ParsingTests */,
			);
		};
/* End PBXProject section */

/* Begin PBXResourcesBuildPhase section */
		65494D5519E137410048F602 /* Resources */ = {
			isa = PBXResourcesBuildPhase;
			buildActionMask = 2147483647;
			files = (
				65494D8519E196740048F602 /* countries_short.txt in Resources */,
				65494D6619E137410048F602 /* Main.storyboard in Resources */,
				65494D6B19E137410048F602 /* LaunchScreen.xib in Resources */,
				65494D8619E196740048F602 /* countries.txt in Resources */,
				65494D6819E137410048F602 /* Images.xcassets in Resources */,
			);
			runOnlyForDeploymentPostprocessing = 0;
		};
		65494D6E19E137410048F602 /* Resources */ = {
			isa = PBXResourcesBuildPhase;
			buildActionMask = 2147483647;
			files = (
			);
			runOnlyForDeploymentPostprocessing = 0;
		};
/* End PBXResourcesBuildPhase section */

/* Begin PBXSourcesBuildPhase section */
		65494D5319E137410048F602 /* Sources */ = {
			isa = PBXSourcesBuildPhase;
			buildActionMask = 2147483647;
			files = (
				65494D6319E137410048F602 /* ViewController.m in Sources */,
				65494D6019E137410048F602 /* AppDelegate.m in Sources */,
				65494D8219E137410048F602 /* NeighboursViewController.m in Sources */,
				65494D5D19E137410048F602 /* main.m in Sources */,
			);
			runOnlyForDeploymentPostprocessing = 0;
		};
		65494D6C19E137410048F602 /* Sources */ = {
			isa = PBXSourcesBuildPhase;
			buildActionMask = 2147483647;
			files = (
				65494D7719E137410048F602 /* JSON_XML_ParsingTests.m in Sources */,
			);
			runOnlyForDeploymentPostprocessing = 0;
		};
/* End PBXSourcesBuildPhase section */

/* Begin PBXTargetDependency section */
		65494D7219E137410048F602 /* PBXTargetDependency */ = {
			isa = PBXTargetDependency;
			target = 65494D5619E137410048F602 /* JSON_XML_Parsing */;
			targetProxy = 65494D7119E137410048F602 /* PBXContainerItemProxy */;
		};
/* End PBXTargetDependency section */

/* Begin PBXVariantGroup section */
		65494D6419E137410048F602 /* Main.storyboard */ = {
			isa = PBXVariantGroup;
			children = (
				65494D6519E137410048F602 /* Base */,
			);
			name = Main.storyboard;
			sourceTree = "<group>";
		};
		65494D6919E137410048F602 /* LaunchScreen.xib */ = {
			isa = PBXVariantGroup;
			children = (
				65494D6A19E137410048F602 /* Base */,
			);
			name = LaunchScreen.xib;
			sourceTree = "<group>";
		};
/* End PBXVariantGroup section */

/* Begin XCBuildConfiguration section */
		65494D7819E137410048F602 /* Debug */ = {
			isa = XCBuildConfiguration;
			buildSettings = {
				ALWAYS_SEARCH_USER_PATHS = NO;
				CLANG_CXX_LANGUAGE_STANDARD = "gnu++0x";
				CLANG_CXX_LIBRARY = "libc++";
				CLANG_ENABLE_MODULES = YES;
				CLANG_ENABLE_OBJC_ARC = YES;
				CLANG_WARN_BOOL_CONVERSION = YES;
				CLANG_WARN_CONSTANT_CONVERSION = YES;
				CLANG_WARN_DIRECT_OBJC_ISA_USAGE = YES_ERROR;
				CLANG_WARN_EMPTY_BODY = YES;
				CLANG_WARN_ENUM_CONVERSION = YES;
				CLANG_WARN_INT_CONVERSION = YES;
				CLANG_WARN_OBJC_ROOT_CLASS = YES_ERROR;
				CLANG_WARN_UNREACHABLE_CODE = YES;
				CLANG_WARN__DUPLICATE_METHOD_MATCH = YES;
				"CODE_SIGN_IDENTITY[sdk=iphoneos*]" = "iPhone Developer";
				COPY_PHASE_STRIP = NO;
				ENABLE_STRICT_OBJC_MSGSEND = YES;
				GCC_C_LANGUAGE_STANDARD = gnu99;
				GCC_DYNAMIC_NO_PIC = NO;
				GCC_OPTIMIZATION_LEVEL = 0;
				GCC_PREPROCESSOR_DEFINITIONS = (
					"DEBUG=1",
					"$(inherited)",
				);
				GCC_SYMBOLS_PRIVATE_EXTERN = NO;
				GCC_WARN_64_TO_32_BIT_CONVERSION = YES;
				GCC_WARN_ABOUT_RETURN_TYPE = YES_ERROR;
				GCC_WARN_UNDECLARED_SELECTOR = YES;
				GCC_WARN_UNINITIALIZED_AUTOS = YES_AGGRESSIVE;
				GCC_WARN_UNUSED_FUNCTION = YES;
				GCC_WARN_UNUSED_VARIABLE = YES;
				IPHONEOS_DEPLOYMENT_TARGET = 8.0;
				MTL_ENABLE_DEBUG_INFO = YES;
				ONLY_ACTIVE_ARCH = YES;
				SDKROOT = iphoneos;
			};
			name = Debug;
		};
		65494D7919E137410048F602 /* Release */ = {
			isa = XCBuildConfiguration;
			buildSettings = {
				ALWAYS_SEARCH_USER_PATHS = NO;
				CLANG_CXX_LANGUAGE_STANDARD = "gnu++0x";
				CLANG_CXX_LIBRARY = "libc++";
				CLANG_ENABLE_MODULES = YES;
				CLANG_ENABLE_OBJC_ARC = YES;
				CLANG_WARN_BOOL_CONVERSION = YES;
				CLANG_WARN_CONSTANT_CONVERSION = YES;
				CLANG_WARN_DIRECT_OBJC_ISA_USAGE = YES_ERROR;
				CLANG_WARN_EMPTY_BODY = YES;
				CLANG_WARN_ENUM_CONVERSION = YES;
				CLANG_WARN_INT_CONVERSION = YES;
				CLANG_WARN_OBJC_ROOT_CLASS = YES_ERROR;
				CLANG_WARN_UNREACHABLE_CODE = YES;
				CLANG_WARN__DUPLICATE_METHOD_MATCH = YES;
				"CODE_SIGN_IDENTITY[sdk=iphoneos*]" = "iPhone Developer";
				COPY_PHASE_STRIP = YES;
				ENABLE_NS_ASSERTIONS = NO;
				ENABLE_STRICT_OBJC_MSGSEND = YES;
				GCC_C_LANGUAGE_STANDARD = gnu99;
				GCC_WARN_64_TO_32_BIT_CONVERSION = YES;
				GCC_WARN_ABOUT_RETURN_TYPE = YES_ERROR;
				GCC_WARN_UNDECLARED_SELECTOR = YES;
				GCC_WARN_UNINITIALIZED_AUTOS = YES_AGGRESSIVE;
				GCC_WARN_UNUSED_FUNCTION = YES;
				GCC_WARN_UNUSED_VARIABLE = YES;
				IPHONEOS_DEPLOYMENT_TARGET = 8.0;
				MTL_ENABLE_DEBUG_INFO = NO;
				SDKROOT = iphoneos;
				VALIDATE_PRODUCT = YES;
			};
			name = Release;
		};
		65494D7B19E137410048F602 /* Debug */ = {
			isa = XCBuildConfiguration;
			buildSettings = {
				ASSETCATALOG_COMPILER_APPICON_NAME = AppIcon;
				INFOPLIST_FILE = JSON_XML_Parsing/Info.plist;
				LD_RUNPATH_SEARCH_PATHS = "$(inherited) @executable_path/Frameworks";
				PRODUCT_NAME = "$(TARGET_NAME)";
			};
			name = Debug;
		};
		65494D7C19E137410048F602 /* Release */ = {
			isa = XCBuildConfiguration;
			buildSettings = {
				ASSETCATALOG_COMPILER_APPICON_NAME = AppIcon;
				INFOPLIST_FILE = JSON_XML_Parsing/Info.plist;
				LD_RUNPATH_SEARCH_PATHS = "$(inherited) @executable_path/Frameworks";
				PRODUCT_NAME = "$(TARGET_NAME)";
			};
			name = Release;
		};
		65494D7E19E137410048F602 /* Debug */ = {
			isa = XCBuildConfiguration;
			buildSettings = {
				BUNDLE_LOADER = "$(TEST_HOST)";
				FRAMEWORK_SEARCH_PATHS = (
					"$(SDKROOT)/Developer/Library/Frameworks",
					"$(inherited)",
				);
				GCC_PREPROCESSOR_DEFINITIONS = (
					"DEBUG=1",
					"$(inherited)",
				);
				INFOPLIST_FILE = JSON_XML_ParsingTests/Info.plist;
				LD_RUNPATH_SEARCH_PATHS = "$(inherited) @executable_path/Frameworks @loader_path/Frameworks";
				PRODUCT_NAME = "$(TARGET_NAME)";
				TEST_HOST = "$(BUILT_PRODUCTS_DIR)/JSON_XML_Parsing.app/JSON_XML_Parsing";
			};
			name = Debug;
		};
		65494D7F19E137410048F602 /* Release */ = {
			isa = XCBuildConfiguration;
			buildSettings = {
				BUNDLE_LOADER = "$(TEST_HOST)";
				FRAMEWORK_SEARCH_PATHS = (
					"$(SDKROOT)/Developer/Library/Frameworks",
					"$(inherited)",
				);
				INFOPLIST_FILE = JSON_XML_ParsingTests/Info.plist;
				LD_RUNPATH_SEARCH_PATHS = "$(inherited) @executable_path/Frameworks @loader_path/Frameworks";
				PRODUCT_NAME = "$(TARGET_NAME)";
				TEST_HOST = "$(BUILT_PRODUCTS_DIR)/JSON_XML_Parsing.app/JSON_XML_Parsing";
			};
			name = Release;
		};
/* End XCBuildConfiguration section */

/* Begin XCConfigurationList section */
		65494D5219E137410048F602 /* Build configuration list for PBXProject "JSON_XML_Parsing" */ = {
			isa = XCConfigurationList;
			buildConfigurations = (
				65494D7819E137410048F602 /* Debug */,
				65494D7919E137410048F602 /* Release */,
			);
			defaultConfigurationIsVisible = 0;
			defaultConfigurationName = Release;
		};
		65494D7A19E137410048F602 /* Build configuration list for PBXNativeTarget "JSON_XML_Parsing" */ = {
			isa = XCConfigurationList;
			buildConfigurations = (
				65494D7B19E137410048F602 /* Debug */,
				65494D7C19E137410048F602 /* Release */,
			);
			defaultConfigurationIsVisible = 0;
			defaultConfigurationName = Release;
		};
		65494D7D19E137410048F602 /* Build configuration list for PBXNativeTarget "JSON_XML_ParsingTests" */ = {
			isa = XCConfigurationList;
			buildConfigurations = (
				65494D7E19E137410048F602 /* Debug */,
				65494D7F19E137410048F602 /* Release */,
			);
			defaultConfigurationIsVisible = 0;
			defaultConfigurationName = Release;
		};
/* End XCConfigurationList section */
	};
	rootObject = 65494D4F19E137410048F602 /* Project object */;
}
